
Microsoft Visual Studio Solution File, Format Version 12.00
# Visual Studio 15
VisualStudioVersion = 15.0.28307.168
MinimumVisualStudioVersion = 10.0.40219.1
Project("{FAE04EC0-301F-11D3-BF4B-00C04F79EFBC}") = "MyMath", "MyMath\MyMath.csproj", "{8105EEF5-6937-4C5C-8AD0-9166B90FA9F1}"
EndProject
Project("{FAE04EC0-301F-11D3-BF4B-00C04F79EFBC}") = "MyMath.Tests", "MyMath.Tests\MyMath.Tests.csproj", "{67C258C8-855E-4584-AEFA-78F9B2CD8357}"
EndProject
Global
	GlobalSection(SolutionConfigurationPlatforms) = preSolution
		Debug|Any CPU = Debug|Any CPU
		Release|Any CPU = Release|Any CPU
	EndGlobalSection
	GlobalSection(ProjectConfigurationPlatforms) = postSolution
		{8105EEF5-6937-4C5C-8AD0-9166B90FA9F1}.Debug|Any CPU.ActiveCfg = Debug|Any CPU
		{8105EEF5-6937-4C5C-8AD0-9166B90FA9F1}.Debug|Any CPU.Build.0 = Debug|Any CPU
		{8105EEF5-6937-4C5C-8AD0-9166B90FA9F1}.Release|Any CPU.ActiveCfg = Release|Any CPU
		{8105EEF5-6937-4C5C-8AD0-9166B90FA9F1}.Release|Any CPU.Build.0 = Release|Any CPU
		{67C258C8-855E-4584-AEFA-78F9B2CD8357}.Debug|Any CPU.ActiveCfg = Debug|Any CPU
		{67C258C8-855E-4584-AEFA-78F9B2CD8357}.Debug|Any CPU.Build.0 = Debug|Any CPU
		{67C258C8-855E-4584-AEFA-78F9B2CD8357}.Release|Any CPU.ActiveCfg = Release|Any CPU
		{67C258C8-855E-4584-AEFA-78F9B2CD8357}.Release|Any CPU.Build.0 = Release|Any CPU
	EndGlobalSection
	GlobalSection(SolutionProperties) = preSolution
		HideSolutionNode = FALSE
	EndGlobalSection
	GlobalSection(ExtensibilityGlobals) = postSolution
		SolutionGuid = {E043CD06-32D6-4C33-B722-E7CA0D98D884}
	EndGlobalSection
EndGlobal
